// !$*UTF8*$!
{
	archiveVersion = 1;
	classes = {
	};
	objectVersion = 55;
	objects = {

/* Begin PBXBuildFile section */
		2DBDA90A28ABADC600E0704D /* netflix_cloneApp.swift in Sources */ = {isa = PBXBuildFile; fileRef = 2DBDA90928ABADC600E0704D /* netflix_cloneApp.swift */; };
		2DBDA90C28ABADC600E0704D /* ContentView.swift in Sources */ = {isa = PBXBuildFile; fileRef = 2DBDA90B28ABADC600E0704D /* ContentView.swift */; };
		2DBDA90E28ABADC900E0704D /* Assets.xcassets in Resources */ = {isa = PBXBuildFile; fileRef = 2DBDA90D28ABADC900E0704D /* Assets.xcassets */; };
		2DBDA91128ABADC900E0704D /* Preview Assets.xcassets in Resources */ = {isa = PBXBuildFile; fileRef = 2DBDA91028ABADC900E0704D /* Preview Assets.xcassets */; };
		2DBDA91328ABADC900E0704D /* Persistence.swift in Sources */ = {isa = PBXBuildFile; fileRef = 2DBDA91228ABADC900E0704D /* Persistence.swift */; };
		2DBDA91628ABADC900E0704D /* netflix_clone.xcdatamodeld in Sources */ = {isa = PBXBuildFile; fileRef = 2DBDA91428ABADC900E0704D /* netflix_clone.xcdatamodeld */; };
		2DBDA92028ABADC900E0704D /* netflix_cloneTests.swift in Sources */ = {isa = PBXBuildFile; fileRef = 2DBDA91F28ABADC900E0704D /* netflix_cloneTests.swift */; };
		2DBDA92A28ABADC900E0704D /* netflix_cloneUITests.swift in Sources */ = {isa = PBXBuildFile; fileRef = 2DBDA92928ABADC900E0704D /* netflix_cloneUITests.swift */; };
		2DBDA92C28ABADC900E0704D /* netflix_cloneUITestsLaunchTests.swift in Sources */ = {isa = PBXBuildFile; fileRef = 2DBDA92B28ABADC900E0704D /* netflix_cloneUITestsLaunchTests.swift */; };
/* End PBXBuildFile section */

/* Begin PBXContainerItemProxy section */
		2DBDA91C28ABADC900E0704D /* PBXContainerItemProxy */ = {
			isa = PBXContainerItemProxy;
			containerPortal = 2DBDA8FE28ABADC600E0704D /* Project object */;
			proxyType = 1;
			remoteGlobalIDString = 2DBDA90528ABADC600E0704D;
			remoteInfo = "netflix clone";
		};
		2DBDA92628ABADC900E0704D /* PBXContainerItemProxy */ = {
			isa = PBXContainerItemProxy;
			containerPortal = 2DBDA8FE28ABADC600E0704D /* Project object */;
			proxyType = 1;
			remoteGlobalIDString = 2DBDA90528ABADC600E0704D;
			remoteInfo = "netflix clone";
		};
/* End PBXContainerItemProxy section */

/* Begin PBXFileReference section */
		2DBDA90628ABADC600E0704D /* netflix clone.app */ = {isa = PBXFileReference; explicitFileType = wrapper.application; includeInIndex = 0; path = "netflix clone.app"; sourceTree = BUILT_PRODUCTS_DIR; };
		2DBDA90928ABADC600E0704D /* netflix_cloneApp.swift */ = {isa = PBXFileReference; lastKnownFileType = sourcecode.swift; path = netflix_cloneApp.swift; sourceTree = "<group>"; };
		2DBDA90B28ABADC600E0704D /* ContentView.swift */ = {isa = PBXFileReference; lastKnownFileType = sourcecode.swift; path = ContentView.swift; sourceTree = "<group>"; };
		2DBDA90D28ABADC900E0704D /* Assets.xcassets */ = {isa = PBXFileReference; lastKnownFileType = folder.assetcatalog; path = Assets.xcassets; sourceTree = "<group>"; };
		2DBDA91028ABADC900E0704D /* Preview Assets.xcassets */ = {isa = PBXFileReference; lastKnownFileType = folder.assetcatalog; path = "Preview Assets.xcassets"; sourceTree = "<group>"; };
		2DBDA91228ABADC900E0704D /* Persistence.swift */ = {isa = PBXFileReference; lastKnownFileType = sourcecode.swift; path = Persistence.swift; sourceTree = "<group>"; };
		2DBDA91528ABADC900E0704D /* netflix_clone.xcdatamodel */ = {isa = PBXFileReference; lastKnownFileType = wrapper.xcdatamodel; path = netflix_clone.xcdatamodel; sourceTree = "<group>"; };
		2DBDA91B28ABADC900E0704D /* netflix cloneTests.xctest */ = {isa = PBXFileReference; explicitFileType = wrapper.cfbundle; includeInIndex = 0; path = "netflix cloneTests.xctest"; sourceTree = BUILT_PRODUCTS_DIR; };
		2DBDA91F28ABADC900E0704D /* netflix_cloneTests.swift */ = {isa = PBXFileReference; lastKnownFileType = sourcecode.swift; path = netflix_cloneTests.swift; sourceTree = "<group>"; };
		2DBDA92528ABADC900E0704D /* netflix cloneUITests.xctest */ = {isa = PBXFileReference; explicitFileType = wrapper.cfbundle; includeInIndex = 0; path = "netflix cloneUITests.xctest"; sourceTree = BUILT_PRODUCTS_DIR; };
		2DBDA92928ABADC900E0704D /* netflix_cloneUITests.swift */ = {isa = PBXFileReference; lastKnownFileType = sourcecode.swift; path = netflix_cloneUITests.swift; sourceTree = "<group>"; };
		2DBDA92B28ABADC900E0704D /* netflix_cloneUITestsLaunchTests.swift */ = {isa = PBXFileReference; lastKnownFileType = sourcecode.swift; path = netflix_cloneUITestsLaunchTests.swift; sourceTree = "<group>"; };
/* End PBXFileReference section */

/* Begin PBXFrameworksBuildPhase section */
		2DBDA90328ABADC600E0704D /* Frameworks */ = {
			isa = PBXFrameworksBuildPhase;
			buildActionMask = 2147483647;
			files = (
			);
			runOnlyForDeploymentPostprocessing = 0;
		};
		2DBDA91828ABADC900E0704D /* Frameworks */ = {
			isa = PBXFrameworksBuildPhase;
			buildActionMask = 2147483647;
			files = (
			);
			runOnlyForDeploymentPostprocessing = 0;
		};
		2DBDA92228ABADC900E0704D /* Frameworks */ = {
			isa = PBXFrameworksBuildPhase;
			buildActionMask = 2147483647;
			files = (
			);
			runOnlyForDeploymentPostprocessing = 0;
		};
/* End PBXFrameworksBuildPhase section */

/* Begin PBXGroup section */
		2DBDA8FD28ABADC600E0704D = {
			isa = PBXGroup;
			children = (
				2DBDA90828ABADC600E0704D /* netflix clone */,
				2DBDA91E28ABADC900E0704D /* netflix cloneTests */,
				2DBDA92828ABADC900E0704D /* netflix cloneUITests */,
				2DBDA90728ABADC600E0704D /* Products */,
			);
			sourceTree = "<group>";
		};
		2DBDA90728ABADC600E0704D /* Products */ = {
			isa = PBXGroup;
			children = (
				2DBDA90628ABADC600E0704D /* netflix clone.app */,
				2DBDA91B28ABADC900E0704D /* netflix cloneTests.xctest */,
				2DBDA92528ABADC900E0704D /* netflix cloneUITests.xctest */,
			);
			name = Products;
			sourceTree = "<group>";
		};
		2DBDA90828ABADC600E0704D /* netflix clone */ = {
			isa = PBXGroup;
			children = (
				2DBDA90928ABADC600E0704D /* netflix_cloneApp.swift */,
				2DBDA90B28ABADC600E0704D /* ContentView.swift */,
				2DBDA90D28ABADC900E0704D /* Assets.xcassets */,
				2DBDA91228ABADC900E0704D /* Persistence.swift */,
				2DBDA91428ABADC900E0704D /* netflix_clone.xcdatamodeld */,
				2DBDA90F28ABADC900E0704D /* Preview Content */,
			);
			path = "netflix clone";
			sourceTree = "<group>";
		};
		2DBDA90F28ABADC900E0704D /* Preview Content */ = {
			isa = PBXGroup;
			children = (
				2DBDA91028ABADC900E0704D /* Preview Assets.xcassets */,
			);
			path = "Preview Content";
			sourceTree = "<group>";
		};
		2DBDA91E28ABADC900E0704D /* netflix cloneTests */ = {
			isa = PBXGroup;
			children = (
				2DBDA91F28ABADC900E0704D /* netflix_cloneTests.swift */,
			);
			path = "netflix cloneTests";
			sourceTree = "<group>";
		};
		2DBDA92828ABADC900E0704D /* netflix cloneUITests */ = {
			isa = PBXGroup;
			children = (
				2DBDA92928ABADC900E0704D /* netflix_cloneUITests.swift */,
				2DBDA92B28ABADC900E0704D /* netflix_cloneUITestsLaunchTests.swift */,
			);
			path = "netflix cloneUITests";
			sourceTree = "<group>";
		};
/* End PBXGroup section */

/* Begin PBXNativeTarget section */
		2DBDA90528ABADC600E0704D /* netflix clone */ = {
			isa = PBXNativeTarget;
			buildConfigurationList = 2DBDA92F28ABADC900E0704D /* Build configuration list for PBXNativeTarget "netflix clone" */;
			buildPhases = (
				2DBDA90228ABADC600E0704D /* Sources */,
				2DBDA90328ABADC600E0704D /* Frameworks */,
				2DBDA90428ABADC600E0704D /* Resources */,
			);
			buildRules = (
			);
			dependencies = (
			);
			name = "netflix clone";
			productName = "netflix clone";
			productReference = 2DBDA90628ABADC600E0704D /* netflix clone.app */;
			productType = "com.apple.product-type.application";
		};
		2DBDA91A28ABADC900E0704D /* netflix cloneTests */ = {
			isa = PBXNativeTarget;
			buildConfigurationList = 2DBDA93228ABADC900E0704D /* Build configuration list for PBXNativeTarget "netflix cloneTests" */;
			buildPhases = (
				2DBDA91728ABADC900E0704D /* Sources */,
				2DBDA91828ABADC900E0704D /* Frameworks */,
				2DBDA91928ABADC900E0704D /* Resources */,
			);
			buildRules = (
			);
			dependencies = (
				2DBDA91D28ABADC900E0704D /* PBXTargetDependency */,
			);
			name = "netflix cloneTests";
			productName = "netflix cloneTests";
			productReference = 2DBDA91B28ABADC900E0704D /* netflix cloneTests.xctest */;
			productType = "com.apple.product-type.bundle.unit-test";
		};
		2DBDA92428ABADC900E0704D /* netflix cloneUITests */ = {
			isa = PBXNativeTarget;
			buildConfigurationList = 2DBDA93528ABADC900E0704D /* Build configuration list for PBXNativeTarget "netflix cloneUITests" */;
			buildPhases = (
				2DBDA92128ABADC900E0704D /* Sources */,
				2DBDA92228ABADC900E0704D /* Frameworks */,
				2DBDA92328ABADC900E0704D /* Resources */,
			);
			buildRules = (
			);
			dependencies = (
				2DBDA92728ABADC900E0704D /* PBXTargetDependency */,
			);
			name = "netflix cloneUITests";
			productName = "netflix cloneUITests";
			productReference = 2DBDA92528ABADC900E0704D /* netflix cloneUITests.xctest */;
			productType = "com.apple.product-type.bundle.ui-testing";
		};
/* End PBXNativeTarget section */

/* Begin PBXProject section */
		2DBDA8FE28ABADC600E0704D /* Project object */ = {
			isa = PBXProject;
			attributes = {
				BuildIndependentTargetsInParallel = 1;
				LastSwiftUpdateCheck = 1310;
				LastUpgradeCheck = 1310;
				TargetAttributes = {
					2DBDA90528ABADC600E0704D = {
						CreatedOnToolsVersion = 13.1;
					};
					2DBDA91A28ABADC900E0704D = {
						CreatedOnToolsVersion = 13.1;
						TestTargetID = 2DBDA90528ABADC600E0704D;
					};
					2DBDA92428ABADC900E0704D = {
						CreatedOnToolsVersion = 13.1;
						TestTargetID = 2DBDA90528ABADC600E0704D;
					};
				};
			};
			buildConfigurationList = 2DBDA90128ABADC600E0704D /* Build configuration list for PBXProject "netflix clone" */;
			compatibilityVersion = "Xcode 13.0";
			developmentRegion = en;
			hasScannedForEncodings = 0;
			knownRegions = (
				en,
				Base,
			);
			mainGroup = 2DBDA8FD28ABADC600E0704D;
			productRefGroup = 2DBDA90728ABADC600E0704D /* Products */;
			projectDirPath = "";
			projectRoot = "";
			targets = (
				2DBDA90528ABADC600E0704D /* netflix clone */,
				2DBDA91A28ABADC900E0704D /* netflix cloneTests */,
				2DBDA92428ABADC900E0704D /* netflix cloneUITests */,
			);
		};
/* End PBXProject section */

/* Begin PBXResourcesBuildPhase section */
		2DBDA90428ABADC600E0704D /* Resources */ = {
			isa = PBXResourcesBuildPhase;
			buildActionMask = 2147483647;
			files = (
				2DBDA91128ABADC900E0704D /* Preview Assets.xcassets in Resources */,
				2DBDA90E28ABADC900E0704D /* Assets.xcassets in Resources */,
			);
			runOnlyForDeploymentPostprocessing = 0;
		};
		2DBDA91928ABADC900E0704D /* Resources */ = {
			isa = PBXResourcesBuildPhase;
			buildActionMask = 2147483647;
			files = (
			);
			runOnlyForDeploymentPostprocessing = 0;
		};
		2DBDA92328ABADC900E0704D /* Resources */ = {
			isa = PBXResourcesBuildPhase;
			buildActionMask = 2147483647;
			files = (
			);
			runOnlyForDeploymentPostprocessing = 0;
		};
/* End PBXResourcesBuildPhase section */

/* Begin PBXSourcesBuildPhase section */
		2DBDA90228ABADC600E0704D /* Sources */ = {
			isa = PBXSourcesBuildPhase;
			buildActionMask = 2147483647;
			files = (
				2DBDA91628ABADC900E0704D /* netflix_clone.xcdatamodeld in Sources */,
				2DBDA91328ABADC900E0704D /* Persistence.swift in Sources */,
				2DBDA90C28ABADC600E0704D /* ContentView.swift in Sources */,
				2DBDA90A28ABADC600E0704D /* netflix_cloneApp.swift in Sources */,
			);
			runOnlyForDeploymentPostprocessing = 0;
		};
		2DBDA91728ABADC900E0704D /* Sources */ = {
			isa = PBXSourcesBuildPhase;
			buildActionMask = 2147483647;
			files = (
				2DBDA92028ABADC900E0704D /* netflix_cloneTests.swift in Sources */,
			);
			runOnlyForDeploymentPostprocessing = 0;
		};
		2DBDA92128ABADC900E0704D /* Sources */ = {
			isa = PBXSourcesBuildPhase;
			buildActionMask = 2147483647;
			files = (
				2DBDA92A28ABADC900E0704D /* netflix_cloneUITests.swift in Sources */,
				2DBDA92C28ABADC900E0704D /* netflix_cloneUITestsLaunchTests.swift in Sources */,
			);
			runOnlyForDeploymentPostprocessing = 0;
		};
/* End PBXSourcesBuildPhase section */

/* Begin PBXTargetDependency section */
		2DBDA91D28ABADC900E0704D /* PBXTargetDependency */ = {
			isa = PBXTargetDependency;
			target = 2DBDA90528ABADC600E0704D /* netflix clone */;
			targetProxy = 2DBDA91C28ABADC900E0704D /* PBXContainerItemProxy */;
		};
		2DBDA92728ABADC900E0704D /* PBXTargetDependency */ = {
			isa = PBXTargetDependency;
			target = 2DBDA90528ABADC600E0704D /* netflix clone */;
			targetProxy = 2DBDA92628ABADC900E0704D /* PBXContainerItemProxy */;
		};
/* End PBXTargetDependency section */

/* Begin XCBuildConfiguration section */
		2DBDA92D28ABADC900E0704D /* Debug */ = {
			isa = XCBuildConfiguration;
			buildSettings = {
				ALWAYS_SEARCH_USER_PATHS = NO;
				CLANG_ANALYZER_NONNULL = YES;
				CLANG_ANALYZER_NUMBER_OBJECT_CONVERSION = YES_AGGRESSIVE;
				CLANG_CXX_LANGUAGE_STANDARD = "gnu++17";
				CLANG_CXX_LIBRARY = "libc++";
				CLANG_ENABLE_MODULES = YES;
				CLANG_ENABLE_OBJC_ARC = YES;
				CLANG_ENABLE_OBJC_WEAK = YES;
				CLANG_WARN_BLOCK_CAPTURE_AUTORELEASING = YES;
				CLANG_WARN_BOOL_CONVERSION = YES;
				CLANG_WARN_COMMA = YES;
				CLANG_WARN_CONSTANT_CONVERSION = YES;
				CLANG_WARN_DEPRECATED_OBJC_IMPLEMENTATIONS = YES;
				CLANG_WARN_DIRECT_OBJC_ISA_USAGE = YES_ERROR;
				CLANG_WARN_DOCUMENTATION_COMMENTS = YES;
				CLANG_WARN_EMPTY_BODY = YES;
				CLANG_WARN_ENUM_CONVERSION = YES;
				CLANG_WARN_INFINITE_RECURSION = YES;
				CLANG_WARN_INT_CONVERSION = YES;
				CLANG_WARN_NON_LITERAL_NULL_CONVERSION = YES;
				CLANG_WARN_OBJC_IMPLICIT_RETAIN_SELF = YES;
				CLANG_WARN_OBJC_LITERAL_CONVERSION = YES;
				CLANG_WARN_OBJC_ROOT_CLASS = YES_ERROR;
				CLANG_WARN_QUOTED_INCLUDE_IN_FRAMEWORK_HEADER = YES;
				CLANG_WARN_RANGE_LOOP_ANALYSIS = YES;
				CLANG_WARN_STRICT_PROTOTYPES = YES;
				CLANG_WARN_SUSPICIOUS_MOVE = YES;
				CLANG_WARN_UNGUARDED_AVAILABILITY = YES_AGGRESSIVE;
				CLANG_WARN_UNREACHABLE_CODE = YES;
				CLANG_WARN__DUPLICATE_METHOD_MATCH = YES;
				COPY_PHASE_STRIP = NO;
				DEBUG_INFORMATION_FORMAT = dwarf;
				ENABLE_STRICT_OBJC_MSGSEND = YES;
				ENABLE_TESTABILITY = YES;
				GCC_C_LANGUAGE_STANDARD = gnu11;
				GCC_DYNAMIC_NO_PIC = NO;
				GCC_NO_COMMON_BLOCKS = YES;
				GCC_OPTIMIZATION_LEVEL = 0;
				GCC_PREPROCESSOR_DEFINITIONS = (
					"DEBUG=1",
					"$(inherited)",
				);
				GCC_WARN_64_TO_32_BIT_CONVERSION = YES;
				GCC_WARN_ABOUT_RETURN_TYPE = YES_ERROR;
				GCC_WARN_UNDECLARED_SELECTOR = YES;
				GCC_WARN_UNINITIALIZED_AUTOS = YES_AGGRESSIVE;
				GCC_WARN_UNUSED_FUNCTION = YES;
				GCC_WARN_UNUSED_VARIABLE = YES;
				IPHONEOS_DEPLOYMENT_TARGET = 15.0;
				MTL_ENABLE_DEBUG_INFO = INCLUDE_SOURCE;
				MTL_FAST_MATH = YES;
				ONLY_ACTIVE_ARCH = YES;
				SDKROOT = iphoneos;
				SWIFT_ACTIVE_COMPILATION_CONDITIONS = DEBUG;
				SWIFT_OPTIMIZATION_LEVEL = "-Onone";
			};
			name = Debug;
		};
		2DBDA92E28ABADC900E0704D /* Release */ = {
			isa = XCBuildConfiguration;
			buildSettings = {
				ALWAYS_SEARCH_USER_PATHS = NO;
				CLANG_ANALYZER_NONNULL = YES;
				CLANG_ANALYZER_NUMBER_OBJECT_CONVERSION = YES_AGGRESSIVE;
				CLANG_CXX_LANGUAGE_STANDARD = "gnu++17";
				CLANG_CXX_LIBRARY = "libc++";
				CLANG_ENABLE_MODULES = YES;
				CLANG_ENABLE_OBJC_ARC = YES;
				CLANG_ENABLE_OBJC_WEAK = YES;
				CLANG_WARN_BLOCK_CAPTURE_AUTORELEASING = YES;
				CLANG_WARN_BOOL_CONVERSION = YES;
				CLANG_WARN_COMMA = YES;
				CLANG_WARN_CONSTANT_CONVERSION = YES;
				CLANG_WARN_DEPRECATED_OBJC_IMPLEMENTATIONS = YES;
				CLANG_WARN_DIRECT_OBJC_ISA_USAGE = YES_ERROR;
				CLANG_WARN_DOCUMENTATION_COMMENTS = YES;
				CLANG_WARN_EMPTY_BODY = YES;
				CLANG_WARN_ENUM_CONVERSION = YES;
				CLANG_WARN_INFINITE_RECURSION = YES;
				CLANG_WARN_INT_CONVERSION = YES;
				CLANG_WARN_NON_LITERAL_NULL_CONVERSION = YES;
				CLANG_WARN_OBJC_IMPLICIT_RETAIN_SELF = YES;
				CLANG_WARN_OBJC_LITERAL_CONVERSION = YES;
				CLANG_WARN_OBJC_ROOT_CLASS = YES_ERROR;
				CLANG_WARN_QUOTED_INCLUDE_IN_FRAMEWORK_HEADER = YES;
				CLANG_WARN_RANGE_LOOP_ANALYSIS = YES;
				CLANG_WARN_STRICT_PROTOTYPES = YES;
				CLANG_WARN_SUSPICIOUS_MOVE = YES;
				CLANG_WARN_UNGUARDED_AVAILABILITY = YES_AGGRESSIVE;
				CLANG_WARN_UNREACHABLE_CODE = YES;
				CLANG_WARN__DUPLICATE_METHOD_MATCH = YES;
				COPY_PHASE_STRIP = NO;
				DEBUG_INFORMATION_FORMAT = "dwarf-with-dsym";
				ENABLE_NS_ASSERTIONS = NO;
				ENABLE_STRICT_OBJC_MSGSEND = YES;
				GCC_C_LANGUAGE_STANDARD = gnu11;
				GCC_NO_COMMON_BLOCKS = YES;
				GCC_WARN_64_TO_32_BIT_CONVERSION = YES;
				GCC_WARN_ABOUT_RETURN_TYPE = YES_ERROR;
				GCC_WARN_UNDECLARED_SELECTOR = YES;
				GCC_WARN_UNINITIALIZED_AUTOS = YES_AGGRESSIVE;
				GCC_WARN_UNUSED_FUNCTION = YES;
				GCC_WARN_UNUSED_VARIABLE = YES;
				IPHONEOS_DEPLOYMENT_TARGET = 15.0;
				MTL_ENABLE_DEBUG_INFO = NO;
				MTL_FAST_MATH = YES;
				SDKROOT = iphoneos;
				SWIFT_COMPILATION_MODE = wholemodule;
				SWIFT_OPTIMIZATION_LEVEL = "-O";
				VALIDATE_PRODUCT = YES;
			};
			name = Release;
		};
		2DBDA93028ABADC900E0704D /* Debug */ = {
			isa = XCBuildConfiguration;
			buildSettings = {
				ASSETCATALOG_COMPILER_APPICON_NAME = AppIcon;
				ASSETCATALOG_COMPILER_GLOBAL_ACCENT_COLOR_NAME = AccentColor;
				CODE_SIGN_STYLE = Automatic;
				CURRENT_PROJECT_VERSION = 1;
				DEVELOPMENT_ASSET_PATHS = "\"netflix clone/Preview Content\"";
				DEVELOPMENT_TEAM = U6D8Q6P2HW;
				ENABLE_PREVIEWS = YES;
				GENERATE_INFOPLIST_FILE = YES;
				INFOPLIST_KEY_UIApplicationSceneManifest_Generation = YES;
				INFOPLIST_KEY_UIApplicationSupportsIndirectInputEvents = YES;
				INFOPLIST_KEY_UILaunchScreen_Generation = YES;
				INFOPLIST_KEY_UISupportedInterfaceOrientations_iPad = "UIInterfaceOrientationPortrait UIInterfaceOrientationPortraitUpsideDown UIInterfaceOrientationLandscapeLeft UIInterfaceOrientationLandscapeRight";
				INFOPLIST_KEY_UISupportedInterfaceOrientations_iPhone = "UIInterfaceOrientationPortrait UIInterfaceOrientationLandscapeLeft UIInterfaceOrientationLandscapeRight";
				LD_RUNPATH_SEARCH_PATHS = (
					"$(inherited)",
					"@executable_path/Frameworks",
				);
				MARKETING_VERSION = 1.0;
				PRODUCT_BUNDLE_IDENTIFIER = "com.test.netflix-clone";
				PRODUCT_NAME = "$(TARGET_NAME)";
				SWIFT_EMIT_LOC_STRINGS = YES;
				SWIFT_VERSION = 5.0;
				TARGETED_DEVICE_FAMILY = "1,2";
			};
			name = Debug;
		};
		2DBDA93128ABADC900E0704D /* Release */ = {
			isa = XCBuildConfiguration;
			buildSettings = {
				ASSETCATALOG_COMPILER_APPICON_NAME = AppIcon;
				ASSETCATALOG_COMPILER_GLOBAL_ACCENT_COLOR_NAME = AccentColor;
				CODE_SIGN_STYLE = Automatic;
				CURRENT_PROJECT_VERSION = 1;
				DEVELOPMENT_ASSET_PATHS = "\"netflix clone/Preview Content\"";
				DEVELOPMENT_TEAM = U6D8Q6P2HW;
				ENABLE_PREVIEWS = YES;
				GENERATE_INFOPLIST_FILE = YES;
				INFOPLIST_KEY_UIApplicationSceneManifest_Generation = YES;
				INFOPLIST_KEY_UIApplicationSupportsIndirectInputEvents = YES;
				INFOPLIST_KEY_UILaunchScreen_Generation = YES;
				INFOPLIST_KEY_UISupportedInterfaceOrientations_iPad = "UIInterfaceOrientationPortrait UIInterfaceOrientationPortraitUpsideDown UIInterfaceOrientationLandscapeLeft UIInterfaceOrientationLandscapeRight";
				INFOPLIST_KEY_UISupportedInterfaceOrientations_iPhone = "UIInterfaceOrientationPortrait UIInterfaceOrientationLandscapeLeft UIInterfaceOrientationLandscapeRight";
				LD_RUNPATH_SEARCH_PATHS = (
					"$(inherited)",
					"@executable_path/Frameworks",
				);
				MARKETING_VERSION = 1.0;
				PRODUCT_BUNDLE_IDENTIFIER = "com.test.netflix-clone";
				PRODUCT_NAME = "$(TARGET_NAME)";
				SWIFT_EMIT_LOC_STRINGS = YES;
				SWIFT_VERSION = 5.0;
				TARGETED_DEVICE_FAMILY = "1,2";
			};
			name = Release;
		};
		2DBDA93328ABADC900E0704D /* Debug */ = {
			isa = XCBuildConfiguration;
			buildSettings = {
				ALWAYS_EMBED_SWIFT_STANDARD_LIBRARIES = YES;
				BUNDLE_LOADER = "$(TEST_HOST)";
				CODE_SIGN_STYLE = Automatic;
				CURRENT_PROJECT_VERSION = 1;
				DEVELOPMENT_TEAM = U6D8Q6P2HW;
				GENERATE_INFOPLIST_FILE = YES;
				IPHONEOS_DEPLOYMENT_TARGET = 15.0;
				LD_RUNPATH_SEARCH_PATHS = (
					"$(inherited)",
					"@executable_path/Frameworks",
					"@loader_path/Frameworks",
				);
				MARKETING_VERSION = 1.0;
				PRODUCT_BUNDLE_IDENTIFIER = "com.test.netflix-cloneTests";
				PRODUCT_NAME = "$(TARGET_NAME)";
				SWIFT_EMIT_LOC_STRINGS = NO;
				SWIFT_VERSION = 5.0;
				TARGETED_DEVICE_FAMILY = "1,2";
				TEST_HOST = "$(BUILT_PRODUCTS_DIR)/netflix clone.app/netflix clone";
			};
			name = Debug;
		};
		2DBDA93428ABADC900E0704D /* Release */ = {
			isa = XCBuildConfiguration;
			buildSettings = {
				ALWAYS_EMBED_SWIFT_STANDARD_LIBRARIES = YES;
				BUNDLE_LOADER = "$(TEST_HOST)";
				CODE_SIGN_STYLE = Automatic;
				CURRENT_PROJECT_VERSION = 1;
				DEVELOPMENT_TEAM = U6D8Q6P2HW;
				GENERATE_INFOPLIST_FILE = YES;
				IPHONEOS_DEPLOYMENT_TARGET = 15.0;
				LD_RUNPATH_SEARCH_PATHS = (
					"$(inherited)",
					"@executable_path/Frameworks",
					"@loader_path/Frameworks",
				);
				MARKETING_VERSION = 1.0;
				PRODUCT_BUNDLE_IDENTIFIER = "com.test.netflix-cloneTests";
				PRODUCT_NAME = "$(TARGET_NAME)";
				SWIFT_EMIT_LOC_STRINGS = NO;
				SWIFT_VERSION = 5.0;
				TARGETED_DEVICE_FAMILY = "1,2";
				TEST_HOST = "$(BUILT_PRODUCTS_DIR)/netflix clone.app/netflix clone";
			};
			name = Release;
		};
		2DBDA93628ABADC900E0704D /* Debug */ = {
			isa = XCBuildConfiguration;
			buildSettings = {
				ALWAYS_EMBED_SWIFT_STANDARD_LIBRARIES = YES;
				CODE_SIGN_STYLE = Automatic;
				CURRENT_PROJECT_VERSION = 1;
				DEVELOPMENT_TEAM = U6D8Q6P2HW;
				GENERATE_INFOPLIST_FILE = YES;
				LD_RUNPATH_SEARCH_PATHS = (
					"$(inherited)",
					"@executable_path/Frameworks",
					"@loader_path/Frameworks",
				);
				MARKETING_VERSION = 1.0;
				PRODUCT_BUNDLE_IDENTIFIER = "com.test.netflix-cloneUITests";
				PRODUCT_NAME = "$(TARGET_NAME)";
				SWIFT_EMIT_LOC_STRINGS = NO;
				SWIFT_VERSION = 5.0;
				TARGETED_DEVICE_FAMILY = "1,2";
				TEST_TARGET_NAME = "netflix clone";
			};
			name = Debug;
		};
		2DBDA93728ABADC900E0704D /* Release */ = {
			isa = XCBuildConfiguration;
			buildSettings = {
				ALWAYS_EMBED_SWIFT_STANDARD_LIBRARIES = YES;
				CODE_SIGN_STYLE = Automatic;
				CURRENT_PROJECT_VERSION = 1;
				DEVELOPMENT_TEAM = U6D8Q6P2HW;
				GENERATE_INFOPLIST_FILE = YES;
				LD_RUNPATH_SEARCH_PATHS = (
					"$(inherited)",
					"@executable_path/Frameworks",
					"@loader_path/Frameworks",
				);
				MARKETING_VERSION = 1.0;
				PRODUCT_BUNDLE_IDENTIFIER = "com.test.netflix-cloneUITests";
				PRODUCT_NAME = "$(TARGET_NAME)";
				SWIFT_EMIT_LOC_STRINGS = NO;
				SWIFT_VERSION = 5.0;
				TARGETED_DEVICE_FAMILY = "1,2";
				TEST_TARGET_NAME = "netflix clone";
			};
			name = Release;
		};
/* End XCBuildConfiguration section */

/* Begin XCConfigurationList section */
		2DBDA90128ABADC600E0704D /* Build configuration list for PBXProject "netflix clone" */ = {
			isa = XCConfigurationList;
			buildConfigurations = (
				2DBDA92D28ABADC900E0704D /* Debug */,
				2DBDA92E28ABADC900E0704D /* Release */,
			);
			defaultConfigurationIsVisible = 0;
			defaultConfigurationName = Release;
		};
		2DBDA92F28ABADC900E0704D /* Build configuration list for PBXNativeTarget "netflix clone" */ = {
			isa = XCConfigurationList;
			buildConfigurations = (
				2DBDA93028ABADC900E0704D /* Debug */,
				2DBDA93128ABADC900E0704D /* Release */,
			);
			defaultConfigurationIsVisible = 0;
			defaultConfigurationName = Release;
		};
		2DBDA93228ABADC900E0704D /* Build configuration list for PBXNativeTarget "netflix cloneTests" */ = {
			isa = XCConfigurationList;
			buildConfigurations = (
				2DBDA93328ABADC900E0704D /* Debug */,
				2DBDA93428ABADC900E0704D /* Release */,
			);
			defaultConfigurationIsVisible = 0;
			defaultConfigurationName = Release;
		};
		2DBDA93528ABADC900E0704D /* Build configuration list for PBXNativeTarget "netflix cloneUITests" */ = {
			isa = XCConfigurationList;
			buildConfigurations = (
				2DBDA93628ABADC900E0704D /* Debug */,
				2DBDA93728ABADC900E0704D /* Release */,
			);
			defaultConfigurationIsVisible = 0;
			defaultConfigurationName = Release;
		};
/* End XCConfigurationList section */

/* Begin XCVersionGroup section */
		2DBDA91428ABADC900E0704D /* netflix_clone.xcdatamodeld */ = {
			isa = XCVersionGroup;
			children = (
				2DBDA91528ABADC900E0704D /* netflix_clone.xcdatamodel */,
			);
			currentVersion = 2DBDA91528ABADC900E0704D /* netflix_clone.xcdatamodel */;
			path = netflix_clone.xcdatamodeld;
			sourceTree = "<group>";
			versionGroupType = wrapper.xcdatamodel;
		};
/* End XCVersionGroup section */
	};
	rootObject = 2DBDA8FE28ABADC600E0704D /* Project object */;
}
